{
  "name": "{{ name }}",
  "version": "1.0.0",
  "lockfileVersion": 1,
  "requires": true,
  "dependencies": {
    "@webassemblyjs/ast": {
      "version": "1.4.3",
      "resolved": "https://registry.npmjs.org/@webassemblyjs/ast/-/ast-1.4.3.tgz",
      "integrity": "sha512-S6npYhPcTHDYe9nlsKa9CyWByFi8Vj8HovcAgtmMAQZUOczOZbQ8CnwMYKYC5HEZzxEE+oY0jfQk4cVlI3J59Q==",
      "dev": true,
      "requires": {
        "@webassemblyjs/helper-wasm-bytecode": "1.4.3",
        "@webassemblyjs/wast-parser": "1.4.3",
        "debug": "3.1.0",
        "webassemblyjs": "1.4.3"
      }
    },
    "@webassemblyjs/floating-point-hex-parser": {
      "version": "1.4.3",
      "resolved": "https://registry.npmjs.org/@webassemblyjs/floating-point-hex-parser/-/floating-point-hex-parser-1.4.3.tgz",
      "integrity": "sha512-3zTkSFswwZOPNHnzkP9ONq4bjJSeKVMcuahGXubrlLmZP8fmTIJ58dW7h/zOVWiFSuG2em3/HH3BlCN7wyu9Rw==",
      "dev": true
    },
    "@webassemblyjs/helper-code-frame": {
      "version": "1.4.3",
      "resolved": "https://registry.npmjs.org/@webassemblyjs/helper-code-frame/-/helper-code-frame-1.4.3.tgz",
      "integrity": "sha512-9FgHEtNsZQYaKrGCtsjswBil48Qp1agrzRcPzCbQloCoaTbOXLJ9IRmqT+uEZbenpULLRNFugz3I4uw18hJM8w==",
      "dev": true,
      "requires": {
        "@webassemblyjs/wast-printer": "1.4.3"
      }
    },
    "@webassemblyjs/helper-fsm": {
      "version": "1.4.3",
      "resolved": "https://registry.npmjs.org/@webassemblyjs/helper-fsm/-/helper-fsm-1.4.3.tgz",
      "integrity": "sha512-JINY76U+702IRf7ePukOt037RwmtH59JHvcdWbTTyHi18ixmQ+uOuNhcdCcQHTquDAH35/QgFlp3Y9KqtyJsCQ==",
      "dev": true
    },
    "@webassemblyjs/helper-wasm-bytecode": {
      "version": "1.4.3",
      "resolved": "https://registry.npmjs.org/@webassemblyjs/helper-wasm-bytecode/-/helper-wasm-bytecode-1.4.3.tgz",
      "integrity": "sha512-I7bS+HaO0K07Io89qhJv+z1QipTpuramGwUSDkwEaficbSvCcL92CUZEtgykfNtk5wb0CoLQwWlmXTwGbNZUeQ==",
      "dev": true
    },
    "@webassemblyjs/leb128": {
      "version": "1.4.3",
      "resolved": "https://registry.npmjs.org/@webassemblyjs/leb128/-/leb128-1.4.3.tgz",
      "integrity": "sha512-4u0LJLSPzuRDWHwdqsrThYn+WqMFVqbI2ltNrHvZZkzFPO8XOZ0HFQ5eVc4jY/TNHgXcnwrHjONhPGYuuf//KQ==",
      "dev": true,
      "requires": {
        "leb": "0.3.0"
      }
    },
    "@webassemblyjs/validation": {
      "version": "1.4.3",
      "resolved": "https://registry.npmjs.org/@webassemblyjs/validation/-/validation-1.4.3.tgz",
      "integrity": "sha512-R+rRMKfhd9mq0rj2mhU9A9NKI2l/Rw65vIYzz4lui7eTKPcCu1l7iZNi4b9Gen8D42Sqh/KGiaQNk/x5Tn/iBQ==",
      "dev": true,
      "requires": {
        "@webassemblyjs/ast": "1.4.3"
      }
    },
    "@webassemblyjs/wasm-parser": {
      "version": "1.4.3",
      "resolved": "https://registry.npmjs.org/@webassemblyjs/wasm-parser/-/wasm-parser-1.4.3.tgz",
      "integrity": "sha512-KXBjtlwA3BVukR/yWHC9GF+SCzBcgj0a7lm92kTOaa4cbjaTaa47bCjXw6cX4SGQpkncB9PU2hHGYVyyI7wFRg==",
      "dev": true,
      "requires": {
        "@webassemblyjs/ast": "1.4.3",
        "@webassemblyjs/helper-wasm-bytecode": "1.4.3",
        "@webassemblyjs/leb128": "1.4.3",
        "@webassemblyjs/wasm-parser": "1.4.3",
        "webassemblyjs": "1.4.3"
      }
    },
    "@webassemblyjs/wast-parser": {
      "version": "1.4.3",
      "resolved": "https://registry.npmjs.org/@webassemblyjs/wast-parser/-/wast-parser-1.4.3.tgz",
      "integrity": "sha512-QhCsQzqV0CpsEkRYyTzQDilCNUZ+5j92f+g35bHHNqS22FppNTywNFfHPq8ZWZfYCgbectc+PoghD+xfzVFh1Q==",
      "dev": true,
      "requires": {
        "@webassemblyjs/ast": "1.4.3",
        "@webassemblyjs/floating-point-hex-parser": "1.4.3",
        "@webassemblyjs/helper-code-frame": "1.4.3",
        "@webassemblyjs/helper-fsm": "1.4.3",
        "long": "3.2.0",
        "webassemblyjs": "1.4.3"
      }
    },
    "@webassemblyjs/wast-printer": {
      "version": "1.4.3",
      "resolved": "https://registry.npmjs.org/@webassemblyjs/wast-printer/-/wast-printer-1.4.3.tgz",
      "integrity": "sha512-EgXk4anf8jKmuZJsqD8qy5bz2frEQhBvZruv+bqwNoLWUItjNSFygk8ywL3JTEz9KtxTlAmqTXNrdD1d9gNDtg==",
      "dev": true,
      "requires": {
        "@webassemblyjs/ast": "1.4.3",
        "@webassemblyjs/wast-parser": "1.4.3",
        "long": "3.2.0"
      }
    },
    "debug": {
      "version": "3.1.0",
      "resolved": "https://registry.npmjs.org/debug/-/debug-3.1.0.tgz",
      "integrity": "sha512-OX8XqP7/1a9cqkxYw2yXss15f26NKWBpDXQd0/uK/KPqdQhxbPa994hnzjcE2VqQpDslf55723cKPUOGSmMY3g==",
      "dev": true,
      "requires": {
        "ms": "2.0.0"
      }
    },
    "leb": {
      "version": "0.3.0",
      "resolved": "https://registry.npmjs.org/leb/-/leb-0.3.0.tgz",
      "integrity": "sha1-Mr7p+tFoMo1q6oUi2DP0GA7tHaM=",
      "dev": true
    },
    "long": {
      "version": "3.2.0",
      "resolved": "https://registry.npmjs.org/long/-/long-3.2.0.tgz",
      "integrity": "sha1-2CG3E4yhy1gcFymQ7xTbIAtcR0s=",
      "dev": true
    },
    "ms": {
      "version": "2.0.0",
      "resolved": "https://registry.npmjs.org/ms/-/ms-2.0.0.tgz",
      "integrity": "sha1-VgiurfwAvmwpAd9fmGF4jeDVl8g=",
      "dev": true
    },
    "webassemblyjs": {
      "version": "1.4.3",
      "resolved": "https://registry.npmjs.org/webassemblyjs/-/webassemblyjs-1.4.3.tgz",
      "integrity": "sha512-4lOV1Lv6olz0PJkDGQEp82HempAn147e6BXijWDzz9g7/2nSebVP9GVg62Fz5ZAs55mxq13GA0XLyvY8XkyDjg==",
      "dev": true,
      "requires": {
        "@webassemblyjs/ast": "1.4.3",
        "@webassemblyjs/validation": "1.4.3",
        "@webassemblyjs/wasm-parser": "1.4.3",
        "@webassemblyjs/wast-parser": "1.4.3",
        "long": "3.2.0"
      }
    }
  }
}
