{
  "name": "{{ name }}",
  "version": "1.0.0",
  "lockfileVersion": 1,
  "requires": true,
  "dependencies": {
    "@csstools/convert-colors": {
      "version": "1.4.0",
      "resolved": "https://registry.npmjs.org/@csstools/convert-colors/-/convert-colors-1.4.0.tgz",
      "integrity": "sha512-5a6wqoJV/xEdbRNKVo6I4hO3VjyDq//8q2f9I6PBAvMesJHFauXDorcNCsr9RzvsZnaWi5NYCcfyqP1QeFHFbw==",
      "dev": true
    },
    "@webassemblyjs/ast": {
      "version": "1.4.3",
      "resolved": "https://registry.npmjs.org/@webassemblyjs/ast/-/ast-1.4.3.tgz",
      "integrity": "sha512-S6npYhPcTHDYe9nlsKa9CyWByFi8Vj8HovcAgtmMAQZUOczOZbQ8CnwMYKYC5HEZzxEE+oY0jfQk4cVlI3J59Q==",
      "requires": {
        "@webassemblyjs/helper-wasm-bytecode": "1.4.3",
        "@webassemblyjs/wast-parser": "1.4.3",
        "debug": "^3.1.0",
        "webassemblyjs": "1.4.3"
      }
    },
    "@webassemblyjs/floating-point-hex-parser": {
      "version": "1.4.3",
      "resolved": "https://registry.npmjs.org/@webassemblyjs/floating-point-hex-parser/-/floating-point-hex-parser-1.4.3.tgz",
      "integrity": "sha512-3zTkSFswwZOPNHnzkP9ONq4bjJSeKVMcuahGXubrlLmZP8fmTIJ58dW7h/zOVWiFSuG2em3/HH3BlCN7wyu9Rw=="
    },
    "@webassemblyjs/helper-code-frame": {
      "version": "1.4.3",
      "resolved": "https://registry.npmjs.org/@webassemblyjs/helper-code-frame/-/helper-code-frame-1.4.3.tgz",
      "integrity": "sha512-9FgHEtNsZQYaKrGCtsjswBil48Qp1agrzRcPzCbQloCoaTbOXLJ9IRmqT+uEZbenpULLRNFugz3I4uw18hJM8w==",
      "requires": {
        "@webassemblyjs/wast-printer": "1.4.3"
      }
    },
    "@webassemblyjs/helper-fsm": {
      "version": "1.4.3",
      "resolved": "https://registry.npmjs.org/@webassemblyjs/helper-fsm/-/helper-fsm-1.4.3.tgz",
      "integrity": "sha512-JINY76U+702IRf7ePukOt037RwmtH59JHvcdWbTTyHi18ixmQ+uOuNhcdCcQHTquDAH35/QgFlp3Y9KqtyJsCQ=="
    },
    "@webassemblyjs/helper-wasm-bytecode": {
      "version": "1.4.3",
      "resolved": "https://registry.npmjs.org/@webassemblyjs/helper-wasm-bytecode/-/helper-wasm-bytecode-1.4.3.tgz",
      "integrity": "sha512-I7bS+HaO0K07Io89qhJv+z1QipTpuramGwUSDkwEaficbSvCcL92CUZEtgykfNtk5wb0CoLQwWlmXTwGbNZUeQ=="
    },
    "@webassemblyjs/leb128": {
      "version": "1.4.3",
      "resolved": "https://registry.npmjs.org/@webassemblyjs/leb128/-/leb128-1.4.3.tgz",
      "integrity": "sha512-4u0LJLSPzuRDWHwdqsrThYn+WqMFVqbI2ltNrHvZZkzFPO8XOZ0HFQ5eVc4jY/TNHgXcnwrHjONhPGYuuf//KQ==",
      "requires": {
        "leb": "^0.3.0"
      }
    },
    "@webassemblyjs/validation": {
      "version": "1.4.3",
      "resolved": "https://registry.npmjs.org/@webassemblyjs/validation/-/validation-1.4.3.tgz",
      "integrity": "sha512-R+rRMKfhd9mq0rj2mhU9A9NKI2l/Rw65vIYzz4lui7eTKPcCu1l7iZNi4b9Gen8D42Sqh/KGiaQNk/x5Tn/iBQ==",
      "requires": {
        "@webassemblyjs/ast": "1.4.3"
      }
    },
    "@webassemblyjs/wasm-parser": {
      "version": "1.4.3",
      "resolved": "https://registry.npmjs.org/@webassemblyjs/wasm-parser/-/wasm-parser-1.4.3.tgz",
      "integrity": "sha512-KXBjtlwA3BVukR/yWHC9GF+SCzBcgj0a7lm92kTOaa4cbjaTaa47bCjXw6cX4SGQpkncB9PU2hHGYVyyI7wFRg==",
      "requires": {
        "@webassemblyjs/ast": "1.4.3",
        "@webassemblyjs/helper-wasm-bytecode": "1.4.3",
        "@webassemblyjs/leb128": "1.4.3",
        "@webassemblyjs/wasm-parser": "1.4.3",
        "webassemblyjs": "1.4.3"
      }
    },
    "@webassemblyjs/wast-parser": {
      "version": "1.4.3",
      "resolved": "https://registry.npmjs.org/@webassemblyjs/wast-parser/-/wast-parser-1.4.3.tgz",
      "integrity": "sha512-QhCsQzqV0CpsEkRYyTzQDilCNUZ+5j92f+g35bHHNqS22FppNTywNFfHPq8ZWZfYCgbectc+PoghD+xfzVFh1Q==",
      "requires": {
        "@webassemblyjs/ast": "1.4.3",
        "@webassemblyjs/floating-point-hex-parser": "1.4.3",
        "@webassemblyjs/helper-code-frame": "1.4.3",
        "@webassemblyjs/helper-fsm": "1.4.3",
        "long": "^3.2.0",
        "webassemblyjs": "1.4.3"
      }
    },
    "@webassemblyjs/wast-printer": {
      "version": "1.4.3",
      "resolved": "https://registry.npmjs.org/@webassemblyjs/wast-printer/-/wast-printer-1.4.3.tgz",
      "integrity": "sha512-EgXk4anf8jKmuZJsqD8qy5bz2frEQhBvZruv+bqwNoLWUItjNSFygk8ywL3JTEz9KtxTlAmqTXNrdD1d9gNDtg==",
      "requires": {
        "@webassemblyjs/ast": "1.4.3",
        "@webassemblyjs/wast-parser": "1.4.3",
        "long": "^3.2.0"
      }
    },
    "ansi-styles": {
      "version": "3.2.1",
      "resolved": "https://registry.npmjs.org/ansi-styles/-/ansi-styles-3.2.1.tgz",
      "integrity": "sha512-VT0ZI6kZRdTh8YyJw3SMbYm/u+NqfsAxEpWO0Pf9sq8/e94WxxOpPKx9FR1FlyCtOVDNOQ+8ntlqFxiRc+r5qA==",
      "dev": true,
      "requires": {
        "color-convert": "^1.9.0"
      }
    },
    "autoprefixer": {
      "version": "8.5.1",
      "resolved": "https://registry.npmjs.org/autoprefixer/-/autoprefixer-8.5.1.tgz",
      "integrity": "sha512-0zXQ6OqbnVaplQKkKTASxHFPMNy6WfrXS5QRDJ4zTDxEBB3r7NPDSK4h9KCyQi1tq0tX5MsN4RdzChVBn2k/aw==",
      "dev": true,
      "requires": {
        "browserslist": "^3.2.8",
        "caniuse-lite": "^1.0.30000846",
        "normalize-range": "^0.1.2",
        "num2fraction": "^1.2.2",
        "postcss": "^6.0.22",
        "postcss-value-parser": "^3.2.3"
      }
    },
    "balanced-match": {
      "version": "1.0.0",
      "resolved": "https://registry.npmjs.org/balanced-match/-/balanced-match-1.0.0.tgz",
      "integrity": "sha1-ibTRmasr7kneFk6gK4nORi1xt2c=",
      "dev": true
    },
    "browserslist": {
      "version": "3.2.8",
      "resolved": "https://registry.npmjs.org/browserslist/-/browserslist-3.2.8.tgz",
      "integrity": "sha512-WHVocJYavUwVgVViC0ORikPHQquXwVh939TaelZ4WDqpWgTX/FsGhl/+P4qBUAGcRvtOgDgC+xftNWWp2RUTAQ==",
      "dev": true,
      "requires": {
        "caniuse-lite": "^1.0.30000844",
        "electron-to-chromium": "^1.3.47"
      }
    },
    "caniuse-lite": {
      "version": "1.0.30000846",
      "resolved": "https://registry.npmjs.org/caniuse-lite/-/caniuse-lite-1.0.30000846.tgz",
      "integrity": "sha512-qxUOHr5mTaadWH1ap0ueivHd8x42Bnemcn+JutVr7GWmm2bU4zoBhjuv5QdXgALQnnT626lOQros7cCDf8PwCg==",
      "dev": true
    },
    "chalk": {
      "version": "2.4.1",
      "resolved": "https://registry.npmjs.org/chalk/-/chalk-2.4.1.tgz",
      "integrity": "sha512-ObN6h1v2fTJSmUXoS3nMQ92LbDK9be4TV+6G+omQlGJFdcUX5heKi1LZ1YnRMIgwTLEj3E24bT6tYni50rlCfQ==",
      "dev": true,
      "requires": {
        "ansi-styles": "^3.2.1",
        "escape-string-regexp": "^1.0.5",
        "supports-color": "^5.3.0"
      }
    },
    "color": {
      "version": "1.0.3",
      "resolved": "https://registry.npmjs.org/color/-/color-1.0.3.tgz",
      "integrity": "sha1-5I6DLYXxTvaU+0aIEcLVz+cptV0=",
      "dev": true,
      "requires": {
        "color-convert": "^1.8.2",
        "color-string": "^1.4.0"
      }
    },
    "color-convert": {
      "version": "1.9.1",
      "resolved": "https://registry.npmjs.org/color-convert/-/color-convert-1.9.1.tgz",
      "integrity": "sha512-mjGanIiwQJskCC18rPR6OmrZ6fm2Lc7PeGFYwCmy5J34wC6F1PzdGL6xeMfmgicfYcNLGuVFA3WzXtIDCQSZxQ==",
      "dev": true,
      "requires": {
        "color-name": "^1.1.1"
      }
    },
    "color-name": {
      "version": "1.1.3",
      "resolved": "https://registry.npmjs.org/color-name/-/color-name-1.1.3.tgz",
      "integrity": "sha1-p9BVi9icQveV3UIyj3QIMcpTvCU=",
      "dev": true
    },
    "color-string": {
      "version": "1.5.2",
      "resolved": "https://registry.npmjs.org/color-string/-/color-string-1.5.2.tgz",
      "integrity": "sha1-JuRYFLw8mny9Z1FkikFDRRSnc6k=",
      "dev": true,
      "requires": {
        "color-name": "^1.0.0",
        "simple-swizzle": "^0.2.2"
      }
    },
    "cssdb": {
      "version": "3.1.0",
      "resolved": "https://registry.npmjs.org/cssdb/-/cssdb-3.1.0.tgz",
      "integrity": "sha512-9+ASPG9O+d876YfZJjStXszOGn3EEOp5scMeCwZb/+TwTZfadQFshz/Vsh1vGET9HzaXvsfV+1O0ShFb52DddA==",
      "dev": true
    },
    "cssesc": {
      "version": "1.0.1",
      "resolved": "https://registry.npmjs.org/cssesc/-/cssesc-1.0.1.tgz",
      "integrity": "sha512-S2hzrpWvE6G/rW7i7IxJfWBYn27QWfOIncUW++8Rbo1VB5zsJDSVPcnI+Q8z7rhxT6/yZeLOCja4cZnghJrNGA==",
      "dev": true
    },
    "debug": {
      "version": "3.1.0",
      "resolved": "https://registry.npmjs.org/debug/-/debug-3.1.0.tgz",
      "integrity": "sha512-OX8XqP7/1a9cqkxYw2yXss15f26NKWBpDXQd0/uK/KPqdQhxbPa994hnzjcE2VqQpDslf55723cKPUOGSmMY3g==",
      "requires": {
        "ms": "2.0.0"
      }
    },
    "electron-to-chromium": {
      "version": "1.3.48",
      "resolved": "https://registry.npmjs.org/electron-to-chromium/-/electron-to-chromium-1.3.48.tgz",
      "integrity": "sha1-07DYWTgUBE4JLs4hCPw6ya6kuQA=",
      "dev": true
    },
    "escape-string-regexp": {
      "version": "1.0.5",
      "resolved": "https://registry.npmjs.org/escape-string-regexp/-/escape-string-regexp-1.0.5.tgz",
      "integrity": "sha1-G2HAViGQqN/2rjuyzwIAyhMLhtQ=",
      "dev": true
    },
    "flatten": {
      "version": "1.0.2",
      "resolved": "https://registry.npmjs.org/flatten/-/flatten-1.0.2.tgz",
      "integrity": "sha1-2uRqnXj74lKSJYzB54CkHZXAN4I=",
      "dev": true
    },
    "has-flag": {
      "version": "3.0.0",
      "resolved": "https://registry.npmjs.org/has-flag/-/has-flag-3.0.0.tgz",
      "integrity": "sha1-tdRU3CGZriJWmfNGfloH87lVuv0=",
      "dev": true
    },
    "indexes-of": {
      "version": "1.0.1",
      "resolved": "https://registry.npmjs.org/indexes-of/-/indexes-of-1.0.1.tgz",
      "integrity": "sha1-8w9xbI4r00bHtn0985FVZqfAVgc=",
      "dev": true
    },
    "is-arrayish": {
      "version": "0.3.1",
      "resolved": "https://registry.npmjs.org/is-arrayish/-/is-arrayish-0.3.1.tgz",
      "integrity": "sha1-wt/DhquqDD4zxI2z/ocFnmkGXv0=",
      "dev": true
    },
    "leb": {
      "version": "0.3.0",
      "resolved": "https://registry.npmjs.org/leb/-/leb-0.3.0.tgz",
      "integrity": "sha1-Mr7p+tFoMo1q6oUi2DP0GA7tHaM="
    },
    "lodash._reinterpolate": {
      "version": "3.0.0",
      "resolved": "https://registry.npmjs.org/lodash._reinterpolate/-/lodash._reinterpolate-3.0.0.tgz",
      "integrity": "sha1-DM8tiRZq8Ds2Y8eWU4t1rG4RTZ0=",
      "dev": true
    },
    "lodash.template": {
      "version": "4.4.0",
      "resolved": "https://registry.npmjs.org/lodash.template/-/lodash.template-4.4.0.tgz",
      "integrity": "sha1-5zoDhcg1VZF0bgILmWecaQ5o+6A=",
      "dev": true,
      "requires": {
        "lodash._reinterpolate": "~3.0.0",
        "lodash.templatesettings": "^4.0.0"
      }
    },
    "lodash.templatesettings": {
      "version": "4.1.0",
      "resolved": "https://registry.npmjs.org/lodash.templatesettings/-/lodash.templatesettings-4.1.0.tgz",
      "integrity": "sha1-K01OlbpEDZFf8IvImeRVNmZxMxY=",
      "dev": true,
      "requires": {
        "lodash._reinterpolate": "~3.0.0"
      }
    },
    "long": {
      "version": "3.2.0",
      "resolved": "https://registry.npmjs.org/long/-/long-3.2.0.tgz",
      "integrity": "sha1-2CG3E4yhy1gcFymQ7xTbIAtcR0s="
    },
    "ms": {
      "version": "2.0.0",
      "resolved": "https://registry.npmjs.org/ms/-/ms-2.0.0.tgz",
      "integrity": "sha1-VgiurfwAvmwpAd9fmGF4jeDVl8g="
    },
    "normalize-range": {
      "version": "0.1.2",
      "resolved": "https://registry.npmjs.org/normalize-range/-/normalize-range-0.1.2.tgz",
      "integrity": "sha1-LRDAa9/TEuqXd2laTShDlFa3WUI=",
      "dev": true
    },
    "num2fraction": {
      "version": "1.2.2",
      "resolved": "https://registry.npmjs.org/num2fraction/-/num2fraction-1.2.2.tgz",
      "integrity": "sha1-b2gragJ6Tp3fpFZM0lidHU5mnt4=",
      "dev": true
    },
    "postcss": {
      "version": "6.0.22",
      "resolved": "https://registry.npmjs.org/postcss/-/postcss-6.0.22.tgz",
      "integrity": "sha512-Toc9lLoUASwGqxBSJGTVcOQiDqjK+Z2XlWBg+IgYwQMY9vA2f7iMpXVc1GpPcfTSyM5lkxNo0oDwDRO+wm7XHA==",
      "dev": true,
      "requires": {
        "chalk": "^2.4.1",
        "source-map": "^0.6.1",
        "supports-color": "^5.4.0"
      }
    },
    "postcss-attribute-case-insensitive": {
      "version": "3.0.0",
      "resolved": "https://registry.npmjs.org/postcss-attribute-case-insensitive/-/postcss-attribute-case-insensitive-3.0.0.tgz",
      "integrity": "sha512-8pw/t/0dAsp7XKAXImSMXuTUGBUpdKN0aqCF563lMfky/KTPh1KC7s8VI8ZjNuBunTa482RkmfmeMTrIwjJuSg==",
      "dev": true,
      "requires": {
        "postcss": "^6.0.22",
        "postcss-selector-parser": "^4.0.0"
      }
    },
    "postcss-color-functional-notation": {
      "version": "1.0.1",
      "resolved": "https://registry.npmjs.org/postcss-color-functional-notation/-/postcss-color-functional-notation-1.0.1.tgz",
      "integrity": "sha512-8ECwUd75SwcjLMzFdRVRBqjVoHwGeWpLQKCNIQo9T+QeCrUNKI1NJ6rgpni5vo7iZ7MZy21qKqUieMM3D0wHYQ==",
      "dev": true,
      "requires": {
        "postcss": "^6.0.22",
        "postcss-values-parser": "^1.5.0"
      }
    },
    "postcss-color-hex-alpha": {
      "version": "3.0.0",
      "resolved": "https://registry.npmjs.org/postcss-color-hex-alpha/-/postcss-color-hex-alpha-3.0.0.tgz",
      "integrity": "sha1-HlPmyKyyN5Vej9CLfs2xuLgwn5U=",
      "dev": true,
      "requires": {
        "color": "^1.0.3",
        "postcss": "^6.0.1",
        "postcss-message-helpers": "^2.0.0"
      }
    },
    "postcss-color-mod-function": {
      "version": "2.4.2",
      "resolved": "https://registry.npmjs.org/postcss-color-mod-function/-/postcss-color-mod-function-2.4.2.tgz",
      "integrity": "sha512-j9RM33ybsEJUvIc22Y5I4ucvSJVHMliiW0I34JDLV0gVdvCo7/Y+zW6QMBANj+M4VZJLmyGz2mafIK4Tb5GVyg==",
      "dev": true,
      "requires": {
        "@csstools/convert-colors": "^1.4.0",
        "postcss": "^6.0.19",
        "postcss-values-parser": "^1.3.2"
      }
    },
    "postcss-color-rebeccapurple": {
      "version": "3.1.0",
      "resolved": "https://registry.npmjs.org/postcss-color-rebeccapurple/-/postcss-color-rebeccapurple-3.1.0.tgz",
      "integrity": "sha512-212hJUk9uSsbwO5ECqVjmh/iLsmiVL1xy9ce9TVf+X3cK/ZlUIlaMdoxje/YpsL9cmUH3I7io+/G2LyWx5rg1g==",
      "dev": true,
      "requires": {
        "postcss": "^6.0.22",
        "postcss-values-parser": "^1.5.0"
      }
    },
    "postcss-custom-media": {
      "version": "6.0.0",
      "resolved": "https://registry.npmjs.org/postcss-custom-media/-/postcss-custom-media-6.0.0.tgz",
      "integrity": "sha1-vlMnhBEOyylQRPtTlaGABushpzc=",
      "dev": true,
      "requires": {
        "postcss": "^6.0.1"
      }
    },
    "postcss-custom-properties": {
      "version": "7.0.0",
      "resolved": "https://registry.npmjs.org/postcss-custom-properties/-/postcss-custom-properties-7.0.0.tgz",
      "integrity": "sha512-dl/CNaM6z2RBa0vZZqsV6Hunj4HD6Spu7FcAkiVp5B2tgm6xReKKYzI7x7QNx3wTMBNj5v+ylfVcQGMW4xdkHw==",
      "dev": true,
      "requires": {
        "balanced-match": "^1.0.0",
        "postcss": "^6.0.18"
      }
    },
    "postcss-custom-selectors": {
      "version": "4.0.1",
      "resolved": "https://registry.npmjs.org/postcss-custom-selectors/-/postcss-custom-selectors-4.0.1.tgz",
      "integrity": "sha1-eBOC+UxS5yfvXKR3bqKt9JphE4I=",
      "dev": true,
      "requires": {
        "postcss": "^6.0.1",
        "postcss-selector-matches": "^3.0.0"
      }
    },
    "postcss-dir-pseudo-class": {
      "version": "4.0.0",
      "resolved": "https://registry.npmjs.org/postcss-dir-pseudo-class/-/postcss-dir-pseudo-class-4.0.0.tgz",
      "integrity": "sha512-ZAeXMIyZukHHeDt5IFchWB+okPzasb8YnpkXIgTiJl4216X1IplMrODjihZIBDXNE2RdJRBCAOx8uGzCnGSxTA==",
      "dev": true,
      "requires": {
        "postcss": "^6.0.22",
        "postcss-selector-parser": "^4.0.0"
      }
    },
    "postcss-env-function": {
      "version": "1.0.0",
      "resolved": "https://registry.npmjs.org/postcss-env-function/-/postcss-env-function-1.0.0.tgz",
      "integrity": "sha512-UVkdbVCRAEr79XkS6uxMRWIHYrFNuhXmjw6gxyesCBXzzHIvYOoz5UKTWM39xX3j9vGO5waVzxq/VzEiZgsM0g==",
      "dev": true,
      "requires": {
        "postcss": "^6.0.22",
        "postcss-values-parser": "^1.5.0"
      }
    },
    "postcss-focus-visible": {
      "version": "3.0.0",
      "resolved": "https://registry.npmjs.org/postcss-focus-visible/-/postcss-focus-visible-3.0.0.tgz",
      "integrity": "sha512-6i3HsOrWNelxBYPh/HWAXF9lPwCFAfFVlUTZqsLRXYMPhcXH1eXdItozRBvT9l5pYF4ddJJbgk4JOp0au0QToA==",
      "dev": true,
      "requires": {
        "postcss": "^6.0"
      }
    },
    "postcss-focus-within": {
      "version": "2.0.0",
      "resolved": "https://registry.npmjs.org/postcss-focus-within/-/postcss-focus-within-2.0.0.tgz",
      "integrity": "sha512-LTbT/dxZ3FahpOv1XZMyRLNnBk5QWVU4HL/p82iFkzoPNVhNQazaYIujHXTOAKea5clgjbj6GdFj7mU7qzy1kQ==",
      "dev": true,
      "requires": {
        "postcss": "^6.0.21"
      }
    },
    "postcss-font-family-system-ui": {
      "version": "3.0.0",
      "resolved": "https://registry.npmjs.org/postcss-font-family-system-ui/-/postcss-font-family-system-ui-3.0.0.tgz",
      "integrity": "sha512-58G/hTxMSSKlIRpcPUjlyo6hV2MEzvcVO2m4L/T7Bb2fJTG4DYYfQjQeRvuimKQh1V1sOzCIz99g+H2aFNtlQw==",
      "dev": true,
      "requires": {
        "postcss": "^6.0"
      }
    },
    "postcss-font-variant": {
      "version": "3.0.0",
      "resolved": "https://registry.npmjs.org/postcss-font-variant/-/postcss-font-variant-3.0.0.tgz",
      "integrity": "sha1-CMzIj2BQuoLtjvLMdsDGprQfGD4=",
      "dev": true,
      "requires": {
        "postcss": "^6.0.1"
      }
    },
    "postcss-gap-properties": {
      "version": "1.0.0",
      "resolved": "https://registry.npmjs.org/postcss-gap-properties/-/postcss-gap-properties-1.0.0.tgz",
      "integrity": "sha512-snL2k0Nie72J0uCsKgfO2Sd5rs3Wlhsk+k9uVzyMaeBH9gouNPPY7tZ4bopRJmBISbZEUtvF8Gchat6nOFQHdg==",
      "dev": true,
      "requires": {
        "postcss": "^6.0.22"
      }
    },
    "postcss-image-set-function": {
      "version": "2.0.0",
      "resolved": "https://registry.npmjs.org/postcss-image-set-function/-/postcss-image-set-function-2.0.0.tgz",
      "integrity": "sha512-2bpCIj2wFhIhpyM1G/ZZgBJM8K/VKbEcQ0SX5MI9MTGv4giPMnuXMa/sX3bHXHhi1PL4v2WRfqD1+w5T9EhFqg==",
      "dev": true,
      "requires": {
        "postcss": "^6.0.22",
        "postcss-values-parser": "^1.5.0"
      }
    },
    "postcss-initial": {
      "version": "2.0.0",
      "resolved": "https://registry.npmjs.org/postcss-initial/-/postcss-initial-2.0.0.tgz",
      "integrity": "sha1-cnFfczbgu3k1HZnuZcSiU6hEG6Q=",
      "dev": true,
      "requires": {
        "lodash.template": "^4.2.4",
        "postcss": "^6.0.1"
      }
    },
    "postcss-lab-function": {
      "version": "1.0.1",
      "resolved": "https://registry.npmjs.org/postcss-lab-function/-/postcss-lab-function-1.0.1.tgz",
      "integrity": "sha512-kxaHXTRjlBLDpJUMsrGM0GnVgBrMqQz1HfaXdv3VNpz2EwwUhrU9uVfqv/NAtiWt6ZkD7IK2MUlncRoj024lIA==",
      "dev": true,
      "requires": {
        "@csstools/convert-colors": "^1.4.0",
        "postcss": "^6.0.22",
        "postcss-values-parser": "^1.5.0"
      }
    },
    "postcss-logical": {
      "version": "1.1.1",
      "resolved": "https://registry.npmjs.org/postcss-logical/-/postcss-logical-1.1.1.tgz",
      "integrity": "sha512-ZJgyLJlp3uPKae9+6sJKFjD06UZzb/m3M1LPeHsaBMvvyatcNWwCfOZVIq00fJdxUqa9QeuQO6RZElKmRdWMEg==",
      "dev": true,
      "requires": {
        "postcss": "^6.0.20"
      }
    },
    "postcss-media-minmax": {
      "version": "3.0.0",
      "resolved": "https://registry.npmjs.org/postcss-media-minmax/-/postcss-media-minmax-3.0.0.tgz",
      "integrity": "sha1-Z1JWA3pD70C8Twdgv9BtTcadSNI=",
      "dev": true,
      "requires": {
        "postcss": "^6.0.1"
      }
    },
    "postcss-message-helpers": {
      "version": "2.0.0",
      "resolved": "https://registry.npmjs.org/postcss-message-helpers/-/postcss-message-helpers-2.0.0.tgz",
      "integrity": "sha1-pPL0+rbk/gAvCu0ABHjN9S+bpg4=",
      "dev": true
    },
    "postcss-nesting": {
      "version": "5.0.0",
      "resolved": "https://registry.npmjs.org/postcss-nesting/-/postcss-nesting-5.0.0.tgz",
      "integrity": "sha512-Yoe3w2mcVslnEJl5zLyz1yBxCFUpYu138apEEOCwS2HRdDw/TDxTwD1fXBrIarL8J1cPzHfVwO1m40B2/UpGCw==",
      "dev": true,
      "requires": {
        "postcss": "^6.0.21"
      }
    },
    "postcss-overflow-shorthand": {
      "version": "1.0.1",
      "resolved": "https://registry.npmjs.org/postcss-overflow-shorthand/-/postcss-overflow-shorthand-1.0.1.tgz",
      "integrity": "sha512-QeJk23W8dLP2DrWYSKTwfFfh4Tcy5Msr58vuuxCPcCijX/07jva0OGNKtUH9vZ6NnXB2WEsnfIIg5M0ScPEWeQ==",
      "dev": true,
      "requires": {
        "postcss": "^6.0.22"
      }
    },
    "postcss-page-break": {
      "version": "1.0.0",
      "resolved": "https://registry.npmjs.org/postcss-page-break/-/postcss-page-break-1.0.0.tgz",
      "integrity": "sha512-FgjJ7q/cQFbfQFdmm15XDu+DjNb6Tcn7LYm+o1CxyHV5p6pCm0jkRhuU+PF6FaMrSTfy5nF8nuWhwOtUQyWiYA==",
      "dev": true,
      "requires": {
        "postcss": "^6.0.16"
      }
    },
    "postcss-place": {
      "version": "3.0.1",
      "resolved": "https://registry.npmjs.org/postcss-place/-/postcss-place-3.0.1.tgz",
      "integrity": "sha512-6Cg0z39zBU4FOS85Z6+Us+GCIW7UqKdOGH/9j26LwMzZ3L909wG7NP3BF+L12AEeIL5XfI8Q5SWu9Or3nJTS8g==",
      "dev": true,
      "requires": {
        "postcss": "^6.0.22",
        "postcss-values-parser": "^1.5.0"
      }
    },
    "postcss-preset-env": {
      "version": "5.1.0",
      "resolved": "https://registry.npmjs.org/postcss-preset-env/-/postcss-preset-env-5.1.0.tgz",
      "integrity": "sha512-kdtSbh1N/C+DMNct+c8AzvGqyjic01kr2L+toXnMWwz3Zp7r79fgHFYIx6AhXWoKxvK8rntDz+MclEm+EgeKVg==",
      "dev": true,
      "requires": {
        "autoprefixer": "^8.5.0",
        "browserslist": "^3.2.8",
        "caniuse-lite": "^1.0.30000844",
        "cssdb": "^3.1.0",
        "postcss": "^6.0.22",
        "postcss-attribute-case-insensitive": "^3.0.0",
        "postcss-color-functional-notation": "^1.0.1",
        "postcss-color-hex-alpha": "^3.0.0",
        "postcss-color-mod-function": "^2.4.2",
        "postcss-color-rebeccapurple": "^3.1.0",
        "postcss-custom-media": "^6.0.0",
        "postcss-custom-properties": "^7.0.0",
        "postcss-custom-selectors": "^4.0.1",
        "postcss-dir-pseudo-class": "^4.0.0",
        "postcss-env-function": "^1.0.0",
        "postcss-focus-visible": "^3.0.0",
        "postcss-focus-within": "^2.0.0",
        "postcss-font-family-system-ui": "^3.0.0",
        "postcss-font-variant": "^3.0.0",
        "postcss-gap-properties": "^1.0.0",
        "postcss-image-set-function": "^2.0.0",
        "postcss-initial": "^2.0.0",
        "postcss-lab-function": "^1.0.1",
        "postcss-logical": "^1.1.1",
        "postcss-media-minmax": "^3.0.0",
        "postcss-nesting": "^5.0.0",
        "postcss-overflow-shorthand": "^1.0.1",
        "postcss-page-break": "^1.0.0",
        "postcss-place": "^3.0.1",
        "postcss-pseudo-class-any-link": "^5.0.0",
        "postcss-replace-overflow-wrap": "^2.0.0",
        "postcss-selector-matches": "^3.0.1",
        "postcss-selector-not": "^3.0.1"
      }
    },
    "postcss-pseudo-class-any-link": {
      "version": "5.0.0",
      "resolved": "https://registry.npmjs.org/postcss-pseudo-class-any-link/-/postcss-pseudo-class-any-link-5.0.0.tgz",
      "integrity": "sha512-rA5grdRhLLMMI654eOZVuKGr4fUBQNGSH0K+7j5839CiBA/IvNt/Ewt7aIrkGZPySKI3nqzs34HefO8U0Fxahg==",
      "dev": true,
      "requires": {
        "postcss": "^6.0.22",
        "postcss-selector-parser": "^4.0.0"
      }
    },
    "postcss-replace-overflow-wrap": {
      "version": "2.0.0",
      "resolved": "https://registry.npmjs.org/postcss-replace-overflow-wrap/-/postcss-replace-overflow-wrap-2.0.0.tgz",
      "integrity": "sha1-eU22+qVPjbEAhUOSqTr0V2i04ls=",
      "dev": true,
      "requires": {
        "postcss": "^6.0.1"
      }
    },
    "postcss-selector-matches": {
      "version": "3.0.1",
      "resolved": "https://registry.npmjs.org/postcss-selector-matches/-/postcss-selector-matches-3.0.1.tgz",
      "integrity": "sha1-5WNAEeE5UIgYYbvdWMLQER/8lqs=",
      "dev": true,
      "requires": {
        "balanced-match": "^0.4.2",
        "postcss": "^6.0.1"
      },
      "dependencies": {
        "balanced-match": {
          "version": "0.4.2",
          "resolved": "https://registry.npmjs.org/balanced-match/-/balanced-match-0.4.2.tgz",
          "integrity": "sha1-yz8+PHMtwPAe5wtAPzAuYddwmDg=",
          "dev": true
        }
      }
    },
    "postcss-selector-not": {
      "version": "3.0.1",
      "resolved": "https://registry.npmjs.org/postcss-selector-not/-/postcss-selector-not-3.0.1.tgz",
      "integrity": "sha1-Lk2y8JZTNsAefOx9tsYN/3ZzNdk=",
      "dev": true,
      "requires": {
        "balanced-match": "^0.4.2",
        "postcss": "^6.0.1"
      },
      "dependencies": {
        "balanced-match": {
          "version": "0.4.2",
          "resolved": "https://registry.npmjs.org/balanced-match/-/balanced-match-0.4.2.tgz",
          "integrity": "sha1-yz8+PHMtwPAe5wtAPzAuYddwmDg=",
          "dev": true
        }
      }
    },
    "postcss-selector-parser": {
      "version": "4.0.0",
      "resolved": "https://registry.npmjs.org/postcss-selector-parser/-/postcss-selector-parser-4.0.0.tgz",
      "integrity": "sha512-5h+MvEjnzu1qy6MabjuoPatsGAjjDV9B24e7Cktjl+ClNtjVjmvAXjOFQr1u7RlWULKNGYaYVE4s+DIIQ4bOGA==",
      "dev": true,
      "requires": {
        "cssesc": "^1.0.1",
        "indexes-of": "^1.0.1",
        "uniq": "^1.0.1"
      }
    },
    "postcss-value-parser": {
      "version": "3.3.0",
      "resolved": "https://registry.npmjs.org/postcss-value-parser/-/postcss-value-parser-3.3.0.tgz",
      "integrity": "sha1-h/OPnxj3dKSrTIojL1xc6IcqnRU=",
      "dev": true
    },
    "postcss-values-parser": {
      "version": "1.5.0",
      "resolved": "https://registry.npmjs.org/postcss-values-parser/-/postcss-values-parser-1.5.0.tgz",
      "integrity": "sha512-3M3p+2gMp0AH3da530TlX8kiO1nxdTnc3C6vr8dMxRLIlh8UYkz0/wcwptSXjhtx2Fr0TySI7a+BHDQ8NL7LaQ==",
      "dev": true,
      "requires": {
        "flatten": "^1.0.2",
        "indexes-of": "^1.0.1",
        "uniq": "^1.0.1"
      }
    },
    "simple-swizzle": {
      "version": "0.2.2",
      "resolved": "https://registry.npmjs.org/simple-swizzle/-/simple-swizzle-0.2.2.tgz",
      "integrity": "sha1-pNprY1/8zMoz9w0Xy5JZLeleVXo=",
      "dev": true,
      "requires": {
        "is-arrayish": "^0.3.1"
      }
    },
    "source-map": {
      "version": "0.6.1",
      "resolved": "https://registry.npmjs.org/source-map/-/source-map-0.6.1.tgz",
      "integrity": "sha512-UjgapumWlbMhkBgzT7Ykc5YXUT46F0iKu8SGXq0bcwP5dz/h0Plj6enJqjz1Zbq2l5WaqYnrVbwWOWMyF3F47g==",
      "dev": true
    },
    "supports-color": {
      "version": "5.4.0",
      "resolved": "https://registry.npmjs.org/supports-color/-/supports-color-5.4.0.tgz",
      "integrity": "sha512-zjaXglF5nnWpsq470jSv6P9DwPvgLkuapYmfDm3JWOm0vkNTVF2tI4UrN2r6jH1qM/uc/WtxYY1hYoA2dOKj5w==",
      "dev": true,
      "requires": {
        "has-flag": "^3.0.0"
      }
    },
    "uniq": {
      "version": "1.0.1",
      "resolved": "https://registry.npmjs.org/uniq/-/uniq-1.0.1.tgz",
      "integrity": "sha1-sxxa6CVIRKOoKBVBzisEuGWnNP8=",
      "dev": true
    },
    "webassemblyjs": {
      "version": "1.4.3",
      "resolved": "https://registry.npmjs.org/webassemblyjs/-/webassemblyjs-1.4.3.tgz",
      "integrity": "sha512-4lOV1Lv6olz0PJkDGQEp82HempAn147e6BXijWDzz9g7/2nSebVP9GVg62Fz5ZAs55mxq13GA0XLyvY8XkyDjg==",
      "requires": {
        "@webassemblyjs/ast": "1.4.3",
        "@webassemblyjs/validation": "1.4.3",
        "@webassemblyjs/wasm-parser": "1.4.3",
        "@webassemblyjs/wast-parser": "1.4.3",
        "long": "^3.2.0"
      }
    }
  }
}
